// !$*UTF8*$!
{
	archiveVersion = 1;
	classes = {
	};
	objectVersion = 46;
	objects = {

/* Begin PBXBuildFile section */
		C37101B31BAAD87100B571F7 /* AppDelegate.swift in Sources */ = {isa = PBXBuildFile; fileRef = C37101B21BAAD87100B571F7 /* AppDelegate.swift */; };
		C37101B61BAAD87100B571F7 /* CoreData_tutorial1.xcdatamodeld in Sources */ = {isa = PBXBuildFile; fileRef = C37101B41BAAD87100B571F7 /* CoreData_tutorial1.xcdatamodeld */; };
		C37101B81BAAD87100B571F7 /* ViewController.swift in Sources */ = {isa = PBXBuildFile; fileRef = C37101B71BAAD87100B571F7 /* ViewController.swift */; };
		C37101BB1BAAD87100B571F7 /* Main.storyboard in Resources */ = {isa = PBXBuildFile; fileRef = C37101B91BAAD87100B571F7 /* Main.storyboard */; };
		C37101BD1BAAD87100B571F7 /* Images.xcassets in Resources */ = {isa = PBXBuildFile; fileRef = C37101BC1BAAD87100B571F7 /* Images.xcassets */; };
		C37101C01BAAD87100B571F7 /* LaunchScreen.xib in Resources */ = {isa = PBXBuildFile; fileRef = C37101BE1BAAD87100B571F7 /* LaunchScreen.xib */; };
		C37101CC1BAAD87100B571F7 /* CoreData_tutorial1Tests.swift in Sources */ = {isa = PBXBuildFile; fileRef = C37101CB1BAAD87100B571F7 /* CoreData_tutorial1Tests.swift */; };
/* End PBXBuildFile section */

/* Begin PBXContainerItemProxy section */
		C37101C61BAAD87100B571F7 /* PBXContainerItemProxy */ = {
			isa = PBXContainerItemProxy;
			containerPortal = C37101A51BAAD87100B571F7 /* Project object */;
			proxyType = 1;
			remoteGlobalIDString = C37101AC1BAAD87100B571F7;
			remoteInfo = CoreData_tutorial1;
		};
/* End PBXContainerItemProxy section */

/* Begin PBXFileReference section */
		C37101AD1BAAD87100B571F7 /* CoreData_tutorial1.app */ = {isa = PBXFileReference; explicitFileType = wrapper.application; includeInIndex = 0; path = CoreData_tutorial1.app; sourceTree = BUILT_PRODUCTS_DIR; };
		C37101B11BAAD87100B571F7 /* Info.plist */ = {isa = PBXFileReference; lastKnownFileType = text.plist.xml; path = Info.plist; sourceTree = "<group>"; };
		C37101B21BAAD87100B571F7 /* AppDelegate.swift */ = {isa = PBXFileReference; lastKnownFileType = sourcecode.swift; path = AppDelegate.swift; sourceTree = "<group>"; };
		C37101B51BAAD87100B571F7 /* CoreData_tutorial1.xcdatamodel */ = {isa = PBXFileReference; lastKnownFileType = wrapper.xcdatamodel; path = CoreData_tutorial1.xcdatamodel; sourceTree = "<group>"; };
		C37101B71BAAD87100B571F7 /* ViewController.swift */ = {isa = PBXFileReference; lastKnownFileType = sourcecode.swift; path = ViewController.swift; sourceTree = "<group>"; };
		C37101BA1BAAD87100B571F7 /* Base */ = {isa = PBXFileReference; lastKnownFileType = file.storyboard; name = Base; path = Base.lproj/Main.storyboard; sourceTree = "<group>"; };
		C37101BC1BAAD87100B571F7 /* Images.xcassets */ = {isa = PBXFileReference; lastKnownFileType = folder.assetcatalog; path = Images.xcassets; sourceTree = "<group>"; };
		C37101BF1BAAD87100B571F7 /* Base */ = {isa = PBXFileReference; lastKnownFileType = file.xib; name = Base; path = Base.lproj/LaunchScreen.xib; sourceTree = "<group>"; };
		C37101C51BAAD87100B571F7 /* CoreData_tutorial1Tests.xctest */ = {isa = PBXFileReference; explicitFileType = wrapper.cfbundle; includeInIndex = 0; path = CoreData_tutorial1Tests.xctest; sourceTree = BUILT_PRODUCTS_DIR; };
		C37101CA1BAAD87100B571F7 /* Info.plist */ = {isa = PBXFileReference; lastKnownFileType = text.plist.xml; path = Info.plist; sourceTree = "<group>"; };
		C37101CB1BAAD87100B571F7 /* CoreData_tutorial1Tests.swift */ = {isa = PBXFileReference; lastKnownFileType = sourcecode.swift; path = CoreData_tutorial1Tests.swift; sourceTree = "<group>"; };
/* End PBXFileReference section */

/* Begin PBXFrameworksBuildPhase section */
		C37101AA1BAAD87100B571F7 /* Frameworks */ = {
			isa = PBXFrameworksBuildPhase;
			buildActionMask = 2147483647;
			files = (
			);
			runOnlyForDeploymentPostprocessing = 0;
		};
		C37101C21BAAD87100B571F7 /* Frameworks */ = {
			isa = PBXFrameworksBuildPhase;
			buildActionMask = 2147483647;
			files = (
			);
			runOnlyForDeploymentPostprocessing = 0;
		};
/* End PBXFrameworksBuildPhase section */

/* Begin PBXGroup section */
		C37101A41BAAD87100B571F7 = {
			isa = PBXGroup;
			children = (
				C37101AF1BAAD87100B571F7 /* CoreData_tutorial1 */,
				C37101C81BAAD87100B571F7 /* CoreData_tutorial1Tests */,
				C37101AE1BAAD87100B571F7 /* Products */,
			);
			sourceTree = "<group>";
		};
		C37101AE1BAAD87100B571F7 /* Products */ = {
			isa = PBXGroup;
			children = (
				C37101AD1BAAD87100B571F7 /* CoreData_tutorial1.app */,
				C37101C51BAAD87100B571F7 /* CoreData_tutorial1Tests.xctest */,
			);
			name = Products;
			sourceTree = "<group>";
		};
		C37101AF1BAAD87100B571F7 /* CoreData_tutorial1 */ = {
			isa = PBXGroup;
			children = (
				C37101B21BAAD87100B571F7 /* AppDelegate.swift */,
				C37101B71BAAD87100B571F7 /* ViewController.swift */,
				C37101B91BAAD87100B571F7 /* Main.storyboard */,
				C37101BC1BAAD87100B571F7 /* Images.xcassets */,
				C37101BE1BAAD87100B571F7 /* LaunchScreen.xib */,
				C37101B41BAAD87100B571F7 /* CoreData_tutorial1.xcdatamodeld */,
				C37101B01BAAD87100B571F7 /* Supporting Files */,
			);
			path = CoreData_tutorial1;
			sourceTree = "<group>";
		};
		C37101B01BAAD87100B571F7 /* Supporting Files */ = {
			isa = PBXGroup;
			children = (
				C37101B11BAAD87100B571F7 /* Info.plist */,
			);
			name = "Supporting Files";
			sourceTree = "<group>";
		};
		C37101C81BAAD87100B571F7 /* CoreData_tutorial1Tests */ = {
			isa = PBXGroup;
			children = (
				C37101CB1BAAD87100B571F7 /* CoreData_tutorial1Tests.swift */,
				C37101C91BAAD87100B571F7 /* Supporting Files */,
			);
			path = CoreData_tutorial1Tests;
			sourceTree = "<group>";
		};
		C37101C91BAAD87100B571F7 /* Supporting Files */ = {
			isa = PBXGroup;
			children = (
				C37101CA1BAAD87100B571F7 /* Info.plist */,
			);
			name = "Supporting Files";
			sourceTree = "<group>";
		};
/* End PBXGroup section */

/* Begin PBXNativeTarget section */
		C37101AC1BAAD87100B571F7 /* CoreData_tutorial1 */ = {
			isa = PBXNativeTarget;
			buildConfigurationList = C37101CF1BAAD87100B571F7 /* Build configuration list for PBXNativeTarget "CoreData_tutorial1" */;
			buildPhases = (
				C37101A91BAAD87100B571F7 /* Sources */,
				C37101AA1BAAD87100B571F7 /* Frameworks */,
				C37101AB1BAAD87100B571F7 /* Resources */,
			);
			buildRules = (
			);
			dependencies = (
			);
			name = CoreData_tutorial1;
			productName = CoreData_tutorial1;
			productReference = C37101AD1BAAD87100B571F7 /* CoreData_tutorial1.app */;
			productType = "com.apple.product-type.application";
		};
		C37101C41BAAD87100B571F7 /* CoreData_tutorial1Tests */ = {
			isa = PBXNativeTarget;
			buildConfigurationList = C37101D21BAAD87100B571F7 /* Build configuration list for PBXNativeTarget "CoreData_tutorial1Tests" */;
			buildPhases = (
				C37101C11BAAD87100B571F7 /* Sources */,
				C37101C21BAAD87100B571F7 /* Frameworks */,
				C37101C31BAAD87100B571F7 /* Resources */,
			);
			buildRules = (
			);
			dependencies = (
				C37101C71BAAD87100B571F7 /* PBXTargetDependency */,
			);
			name = CoreData_tutorial1Tests;
			productName = CoreData_tutorial1Tests;
			productReference = C37101C51BAAD87100B571F7 /* CoreData_tutorial1Tests.xctest */;
			productType = "com.apple.product-type.bundle.unit-test";
		};
/* End PBXNativeTarget section */

/* Begin PBXProject section */
		C37101A51BAAD87100B571F7 /* Project object */ = {
			isa = PBXProject;
			attributes = {
				LastUpgradeCheck = 0640;
				ORGANIZATIONNAME = vadranam;
				TargetAttributes = {
					C37101AC1BAAD87100B571F7 = {
						CreatedOnToolsVersion = 6.4;
					};
					C37101C41BAAD87100B571F7 = {
						CreatedOnToolsVersion = 6.4;
						TestTargetID = C37101AC1BAAD87100B571F7;
					};
				};
			};
			buildConfigurationList = C37101A81BAAD87100B571F7 /* Build configuration list for PBXProject "CoreData_tutorial1" */;
			compatibilityVersion = "Xcode 3.2";
			developmentRegion = English;
			hasScannedForEncodings = 0;
			knownRegions = (
				en,
				Base,
			);
			mainGroup = C37101A41BAAD87100B571F7;
			productRefGroup = C37101AE1BAAD87100B571F7 /* Products */;
			projectDirPath = "";
			projectRoot = "";
			targets = (
				C37101AC1BAAD87100B571F7 /* CoreData_tutorial1 */,
				C37101C41BAAD87100B571F7 /* CoreData_tutorial1Tests */,
			);
		};
/* End PBXProject section */

/* Begin PBXResourcesBuildPhase section */
		C37101AB1BAAD87100B571F7 /* Resources */ = {
			isa = PBXResourcesBuildPhase;
			buildActionMask = 2147483647;
			files = (
				C37101BB1BAAD87100B571F7 /* Main.storyboard in Resources */,
				C37101C01BAAD87100B571F7 /* LaunchScreen.xib in Resources */,
				C37101BD1BAAD87100B571F7 /* Images.xcassets in Resources */,
			);
			runOnlyForDeploymentPostprocessing = 0;
		};
		C37101C31BAAD87100B571F7 /* Resources */ = {
			isa = PBXResourcesBuildPhase;
			buildActionMask = 2147483647;
			files = (
			);
			runOnlyForDeploymentPostprocessing = 0;
		};
/* End PBXResourcesBuildPhase section */

/* Begin PBXSourcesBuildPhase section */
		C37101A91BAAD87100B571F7 /* Sources */ = {
			isa = PBXSourcesBuildPhase;
			buildActionMask = 2147483647;
			files = (
				C37101B81BAAD87100B571F7 /* ViewController.swift in Sources */,
				C37101B61BAAD87100B571F7 /* CoreData_tutorial1.xcdatamodeld in Sources */,
				C37101B31BAAD87100B571F7 /* AppDelegate.swift in Sources */,
			);
			runOnlyForDeploymentPostprocessing = 0;
		};
		C37101C11BAAD87100B571F7 /* Sources */ = {
			isa = PBXSourcesBuildPhase;
			buildActionMask = 2147483647;
			files = (
				C37101CC1BAAD87100B571F7 /* CoreData_tutorial1Tests.swift in Sources */,
			);
			runOnlyForDeploymentPostprocessing = 0;
		};
/* End PBXSourcesBuildPhase section */

/* Begin PBXTargetDependency section */
		C37101C71BAAD87100B571F7 /* PBXTargetDependency */ = {
			isa = PBXTargetDependency;
			target = C37101AC1BAAD87100B571F7 /* CoreData_tutorial1 */;
			targetProxy = C37101C61BAAD87100B571F7 /* PBXContainerItemProxy */;
		};
/* End PBXTargetDependency section */

/* Begin PBXVariantGroup section */
		C37101B91BAAD87100B571F7 /* Main.storyboard */ = {
			isa = PBXVariantGroup;
			children = (
				C37101BA1BAAD87100B571F7 /* Base */,
			);
			name = Main.storyboard;
			sourceTree = "<group>";
		};
		C37101BE1BAAD87100B571F7 /* LaunchScreen.xib */ = {
			isa = PBXVariantGroup;
			children = (
				C37101BF1BAAD87100B571F7 /* Base */,
			);
			name = LaunchScreen.xib;
			sourceTree = "<group>";
		};
/* End PBXVariantGroup section */

/* Begin XCBuildConfiguration section */
		C37101CD1BAAD87100B571F7 /* Debug */ = {
			isa = XCBuildConfiguration;
			buildSettings = {
				ALWAYS_SEARCH_USER_PATHS = NO;
				CLANG_CXX_LANGUAGE_STANDARD = "gnu++0x";
				CLANG_CXX_LIBRARY = "libc++";
				CLANG_ENABLE_MODULES = YES;
				CLANG_ENABLE_OBJC_ARC = YES;
				CLANG_WARN_BOOL_CONVERSION = YES;
				CLANG_WARN_CONSTANT_CONVERSION = YES;
				CLANG_WARN_DIRECT_OBJC_ISA_USAGE = YES_ERROR;
				CLANG_WARN_EMPTY_BODY = YES;
				CLANG_WARN_ENUM_CONVERSION = YES;
				CLANG_WARN_INT_CONVERSION = YES;
				CLANG_WARN_OBJC_ROOT_CLASS = YES_ERROR;
				CLANG_WARN_UNREACHABLE_CODE = YES;
				CLANG_WARN__DUPLICATE_METHOD_MATCH = YES;
				"CODE_SIGN_IDENTITY[sdk=iphoneos*]" = "iPhone Developer";
				COPY_PHASE_STRIP = NO;
				DEBUG_INFORMATION_FORMAT = "dwarf-with-dsym";
				ENABLE_STRICT_OBJC_MSGSEND = YES;
				GCC_C_LANGUAGE_STANDARD = gnu99;
				GCC_DYNAMIC_NO_PIC = NO;
				GCC_NO_COMMON_BLOCKS = YES;
				GCC_OPTIMIZATION_LEVEL = 0;
				GCC_PREPROCESSOR_DEFINITIONS = (
					"DEBUG=1",
					"$(inherited)",
				);
				GCC_SYMBOLS_PRIVATE_EXTERN = NO;
				GCC_WARN_64_TO_32_BIT_CONVERSION = YES;
				GCC_WARN_ABOUT_RETURN_TYPE = YES_ERROR;
				GCC_WARN_UNDECLARED_SELECTOR = YES;
				GCC_WARN_UNINITIALIZED_AUTOS = YES_AGGRESSIVE;
				GCC_WARN_UNUSED_FUNCTION = YES;
				GCC_WARN_UNUSED_VARIABLE = YES;
				IPHONEOS_DEPLOYMENT_TARGET = 8.4;
				MTL_ENABLE_DEBUG_INFO = YES;
				ONLY_ACTIVE_ARCH = YES;
				SDKROOT = iphoneos;
				SWIFT_OPTIMIZATION_LEVEL = "-Onone";
				TARGETED_DEVICE_FAMILY = "1,2";
			};
			name = Debug;
		};
		C37101CE1BAAD87100B571F7 /* Release */ = {
			isa = XCBuildConfiguration;
			buildSettings = {
				ALWAYS_SEARCH_USER_PATHS = NO;
				CLANG_CXX_LANGUAGE_STANDARD = "gnu++0x";
				CLANG_CXX_LIBRARY = "libc++";
				CLANG_ENABLE_MODULES = YES;
				CLANG_ENABLE_OBJC_ARC = YES;
				CLANG_WARN_BOOL_CONVERSION = YES;
				CLANG_WARN_CONSTANT_CONVERSION = YES;
				CLANG_WARN_DIRECT_OBJC_ISA_USAGE = YES_ERROR;
				CLANG_WARN_EMPTY_BODY = YES;
				CLANG_WARN_ENUM_CONVERSION = YES;
				CLANG_WARN_INT_CONVERSION = YES;
				CLANG_WARN_OBJC_ROOT_CLASS = YES_ERROR;
				CLANG_WARN_UNREACHABLE_CODE = YES;
				CLANG_WARN__DUPLICATE_METHOD_MATCH = YES;
				"CODE_SIGN_IDENTITY[sdk=iphoneos*]" = "iPhone Developer";
				COPY_PHASE_STRIP = NO;
				DEBUG_INFORMATION_FORMAT = "dwarf-with-dsym";
				ENABLE_NS_ASSERTIONS = NO;
				ENABLE_STRICT_OBJC_MSGSEND = YES;
				GCC_C_LANGUAGE_STANDARD = gnu99;
				GCC_NO_COMMON_BLOCKS = YES;
				GCC_WARN_64_TO_32_BIT_CONVERSION = YES;
				GCC_WARN_ABOUT_RETURN_TYPE = YES_ERROR;
				GCC_WARN_UNDECLARED_SELECTOR = YES;
				GCC_WARN_UNINITIALIZED_AUTOS = YES_AGGRESSIVE;
				GCC_WARN_UNUSED_FUNCTION = YES;
				GCC_WARN_UNUSED_VARIABLE = YES;
				IPHONEOS_DEPLOYMENT_TARGET = 8.4;
				MTL_ENABLE_DEBUG_INFO = NO;
				SDKROOT = iphoneos;
				TARGETED_DEVICE_FAMILY = "1,2";
				VALIDATE_PRODUCT = YES;
			};
			name = Release;
		};
		C37101D01BAAD87100B571F7 /* Debug */ = {
			isa = XCBuildConfiguration;
			buildSettings = {
				ASSETCATALOG_COMPILER_APPICON_NAME = AppIcon;
				INFOPLIST_FILE = CoreData_tutorial1/Info.plist;
				LD_RUNPATH_SEARCH_PATHS = "$(inherited) @executable_path/Frameworks";
				PRODUCT_NAME = "$(TARGET_NAME)";
			};
			name = Debug;
		};
		C37101D11BAAD87100B571F7 /* Release */ = {
			isa = XCBuildConfiguration;
			buildSettings = {
				ASSETCATALOG_COMPILER_APPICON_NAME = AppIcon;
				INFOPLIST_FILE = CoreData_tutorial1/Info.plist;
				LD_RUNPATH_SEARCH_PATHS = "$(inherited) @executable_path/Frameworks";
				PRODUCT_NAME = "$(TARGET_NAME)";
			};
			name = Release;
		};
		C37101D31BAAD87100B571F7 /* Debug */ = {
			isa = XCBuildConfiguration;
			buildSettings = {
				BUNDLE_LOADER = "$(TEST_HOST)";
				FRAMEWORK_SEARCH_PATHS = (
					"$(SDKROOT)/Developer/Library/Frameworks",
					"$(inherited)",
				);
				GCC_PREPROCESSOR_DEFINITIONS = (
					"DEBUG=1",
					"$(inherited)",
				);
				INFOPLIST_FILE = CoreData_tutorial1Tests/Info.plist;
				LD_RUNPATH_SEARCH_PATHS = "$(inherited) @executable_path/Frameworks @loader_path/Frameworks";
				PRODUCT_NAME = "$(TARGET_NAME)";
				TEST_HOST = "$(BUILT_PRODUCTS_DIR)/CoreData_tutorial1.app/CoreData_tutorial1";
			};
			name = Debug;
		};
		C37101D41BAAD87100B571F7 /* Release */ = {
			isa = XCBuildConfiguration;
			buildSettings = {
				BUNDLE_LOADER = "$(TEST_HOST)";
				FRAMEWORK_SEARCH_PATHS = (
					"$(SDKROOT)/Developer/Library/Frameworks",
					"$(inherited)",
				);
				INFOPLIST_FILE = CoreData_tutorial1Tests/Info.plist;
				LD_RUNPATH_SEARCH_PATHS = "$(inherited) @executable_path/Frameworks @loader_path/Frameworks";
				PRODUCT_NAME = "$(TARGET_NAME)";
				TEST_HOST = "$(BUILT_PRODUCTS_DIR)/CoreData_tutorial1.app/CoreData_tutorial1";
			};
			name = Release;
		};
/* End XCBuildConfiguration section */

/* Begin XCConfigurationList section */
		C37101A81BAAD87100B571F7 /* Build configuration list for PBXProject "CoreData_tutorial1" */ = {
			isa = XCConfigurationList;
			buildConfigurations = (
				C37101CD1BAAD87100B571F7 /* Debug */,
				C37101CE1BAAD87100B571F7 /* Release */,
			);
			defaultConfigurationIsVisible = 0;
			defaultConfigurationName = Release;
		};
		C37101CF1BAAD87100B571F7 /* Build configuration list for PBXNativeTarget "CoreData_tutorial1" */ = {
			isa = XCConfigurationList;
			buildConfigurations = (
				C37101D01BAAD87100B571F7 /* Debug */,
				C37101D11BAAD87100B571F7 /* Release */,
			);
			defaultConfigurationIsVisible = 0;
		};
		C37101D21BAAD87100B571F7 /* Build configuration list for PBXNativeTarget "CoreData_tutorial1Tests" */ = {
			isa = XCConfigurationList;
			buildConfigurations = (
				C37101D31BAAD87100B571F7 /* Debug */,
				C37101D41BAAD87100B571F7 /* Release */,
			);
			defaultConfigurationIsVisible = 0;
		};
/* End XCConfigurationList section */

/* Begin XCVersionGroup section */
		C37101B41BAAD87100B571F7 /* CoreData_tutorial1.xcdatamodeld */ = {
			isa = XCVersionGroup;
			children = (
				C37101B51BAAD87100B571F7 /* CoreData_tutorial1.xcdatamodel */,
			);
			currentVersion = C37101B51BAAD87100B571F7 /* CoreData_tutorial1.xcdatamodel */;
			path = CoreData_tutorial1.xcdatamodeld;
			sourceTree = "<group>";
			versionGroupType = wrapper.xcdatamodel;
		};
/* End XCVersionGroup section */
	};
	rootObject = C37101A51BAAD87100B571F7 /* Project object */;
}
